
Microsoft Visual Studio Solution File, Format Version 12.00
# Visual Studio Version 16
VisualStudioVersion = 16.0.30711.63
MinimumVisualStudioVersion = 10.0.40219.1
Project("{E24C65DC-7377-472B-9ABA-BC803B73C61A}") = "LunaticoGalactico", ".", "{236D2AFE-92D4-46A5-AD6F-DD98158E75A6}"
	ProjectSection(WebsiteProperties) = preProject
		TargetFrameworkMoniker = ".NETFramework,Version%3Dv4.0"
		Debug.AspNetCompiler.VirtualPath = "/localhost_52309"
		Debug.AspNetCompiler.PhysicalPath = "..\LunaticoGalactico\"
		Debug.AspNetCompiler.TargetPath = "PrecompiledWeb\localhost_52309\"
		Debug.AspNetCompiler.Updateable = "true"
		Debug.AspNetCompiler.ForceOverwrite = "true"
		Debug.AspNetCompiler.FixedNames = "false"
		Debug.AspNetCompiler.Debug = "True"
		Release.AspNetCompiler.VirtualPath = "/localhost_52309"
		Release.AspNetCompiler.PhysicalPath = "..\LunaticoGalactico\"
		Release.AspNetCompiler.TargetPath = "PrecompiledWeb\localhost_52309\"
		Release.AspNetCompiler.Updateable = "true"
		Release.AspNetCompiler.ForceOverwrite = "true"
		Release.AspNetCompiler.FixedNames = "false"
		Release.AspNetCompiler.Debug = "False"
		VWDPort = "52309"
	EndProjectSection
EndProject
Global
	GlobalSection(SolutionConfigurationPlatforms) = preSolution
		Debug|Any CPU = Debug|Any CPU
	EndGlobalSection
	GlobalSection(ProjectConfigurationPlatforms) = postSolution
		{236D2AFE-92D4-46A5-AD6F-DD98158E75A6}.Debug|Any CPU.ActiveCfg = Debug|Any CPU
		{236D2AFE-92D4-46A5-AD6F-DD98158E75A6}.Debug|Any CPU.Build.0 = Debug|Any CPU
	EndGlobalSection
	GlobalSection(SolutionProperties) = preSolution
		HideSolutionNode = FALSE
	EndGlobalSection
	GlobalSection(ExtensibilityGlobals) = postSolution
		SolutionGuid = {B9703424-8000-4C56-BC6B-AF21DE06726C}
	EndGlobalSection
EndGlobal
